
Microsoft Visual Studio Solution File, Format Version 12.00
# Visual Studio 15
Project("{FAE04EC0-301F-11D3-BF4B-00C04F79EFBC}") = "SqlStressTest.Android", "SqlStressTest.Android\SqlStressTest.Android.csproj", "{53E16409-E879-42F2-BEE2-1389C2A523E2}"
EndProject
Project("{FAE04EC0-301F-11D3-BF4B-00C04F79EFBC}") = "SqlStressTest.iOS", "SqlStressTest.iOS\SqlStressTest.iOS.csproj", "{BAA35633-2C01-40F7-B405-414A1DA76313}"
EndProject
Project("{FAE04EC0-301F-11D3-BF4B-00C04F79EFBC}") = "SqlStressTest", "SqlStressTest\SqlStressTest.csproj", "{96660A0D-0A93-4F39-9A39-6415CD9015FC}"
EndProject
Global
	GlobalSection(SolutionConfigurationPlatforms) = preSolution
		Debug|Any CPU = Debug|Any CPU
		Release|Any CPU = Release|Any CPU
		Debug|iPhoneSimulator = Debug|iPhoneSimulator
		Release|iPhoneSimulator = Release|iPhoneSimulator
		Debug|iPhone = Debug|iPhone
		Release|iPhone = Release|iPhone
	EndGlobalSection
	GlobalSection(ProjectConfigurationPlatforms) = postSolution
		{53E16409-E879-42F2-BEE2-1389C2A523E2}.Debug|Any CPU.ActiveCfg = Debug|Any CPU
		{53E16409-E879-42F2-BEE2-1389C2A523E2}.Debug|Any CPU.Build.0 = Debug|Any CPU
		{53E16409-E879-42F2-BEE2-1389C2A523E2}.Release|Any CPU.ActiveCfg = Release|Any CPU
		{53E16409-E879-42F2-BEE2-1389C2A523E2}.Release|Any CPU.Build.0 = Release|Any CPU
		{53E16409-E879-42F2-BEE2-1389C2A523E2}.Debug|iPhoneSimulator.ActiveCfg = Debug|Any CPU
		{53E16409-E879-42F2-BEE2-1389C2A523E2}.Debug|iPhoneSimulator.Build.0 = Debug|Any CPU
		{53E16409-E879-42F2-BEE2-1389C2A523E2}.Release|iPhoneSimulator.ActiveCfg = Release|Any CPU
		{53E16409-E879-42F2-BEE2-1389C2A523E2}.Release|iPhoneSimulator.Build.0 = Release|Any CPU
		{53E16409-E879-42F2-BEE2-1389C2A523E2}.Debug|iPhone.ActiveCfg = Debug|Any CPU
		{53E16409-E879-42F2-BEE2-1389C2A523E2}.Debug|iPhone.Build.0 = Debug|Any CPU
		{53E16409-E879-42F2-BEE2-1389C2A523E2}.Release|iPhone.ActiveCfg = Release|Any CPU
		{53E16409-E879-42F2-BEE2-1389C2A523E2}.Release|iPhone.Build.0 = Release|Any CPU
		{BAA35633-2C01-40F7-B405-414A1DA76313}.Debug|Any CPU.ActiveCfg = Debug|iPhoneSimulator
		{BAA35633-2C01-40F7-B405-414A1DA76313}.Debug|Any CPU.Build.0 = Debug|iPhoneSimulator
		{BAA35633-2C01-40F7-B405-414A1DA76313}.Release|Any CPU.ActiveCfg = Release|iPhoneSimulator
		{BAA35633-2C01-40F7-B405-414A1DA76313}.Release|Any CPU.Build.0 = Release|iPhoneSimulator
		{BAA35633-2C01-40F7-B405-414A1DA76313}.Debug|iPhoneSimulator.ActiveCfg = Debug|iPhoneSimulator
		{BAA35633-2C01-40F7-B405-414A1DA76313}.Debug|iPhoneSimulator.Build.0 = Debug|iPhoneSimulator
		{BAA35633-2C01-40F7-B405-414A1DA76313}.Release|iPhoneSimulator.ActiveCfg = Release|iPhoneSimulator
		{BAA35633-2C01-40F7-B405-414A1DA76313}.Release|iPhoneSimulator.Build.0 = Release|iPhoneSimulator
		{BAA35633-2C01-40F7-B405-414A1DA76313}.Debug|iPhone.ActiveCfg = Debug|iPhone
		{BAA35633-2C01-40F7-B405-414A1DA76313}.Debug|iPhone.Build.0 = Debug|iPhone
		{BAA35633-2C01-40F7-B405-414A1DA76313}.Release|iPhone.ActiveCfg = Release|iPhone
		{BAA35633-2C01-40F7-B405-414A1DA76313}.Release|iPhone.Build.0 = Release|iPhone
		{96660A0D-0A93-4F39-9A39-6415CD9015FC}.Debug|Any CPU.ActiveCfg = Debug|Any CPU
		{96660A0D-0A93-4F39-9A39-6415CD9015FC}.Debug|Any CPU.Build.0 = Debug|Any CPU
		{96660A0D-0A93-4F39-9A39-6415CD9015FC}.Release|Any CPU.ActiveCfg = Release|Any CPU
		{96660A0D-0A93-4F39-9A39-6415CD9015FC}.Release|Any CPU.Build.0 = Release|Any CPU
		{96660A0D-0A93-4F39-9A39-6415CD9015FC}.Debug|iPhoneSimulator.ActiveCfg = Debug|Any CPU
		{96660A0D-0A93-4F39-9A39-6415CD9015FC}.Debug|iPhoneSimulator.Build.0 = Debug|Any CPU
		{96660A0D-0A93-4F39-9A39-6415CD9015FC}.Release|iPhoneSimulator.ActiveCfg = Release|Any CPU
		{96660A0D-0A93-4F39-9A39-6415CD9015FC}.Release|iPhoneSimulator.Build.0 = Release|Any CPU
		{96660A0D-0A93-4F39-9A39-6415CD9015FC}.Debug|iPhone.ActiveCfg = Debug|Any CPU
		{96660A0D-0A93-4F39-9A39-6415CD9015FC}.Debug|iPhone.Build.0 = Debug|Any CPU
		{96660A0D-0A93-4F39-9A39-6415CD9015FC}.Release|iPhone.ActiveCfg = Release|Any CPU
		{96660A0D-0A93-4F39-9A39-6415CD9015FC}.Release|iPhone.Build.0 = Release|Any CPU
	EndGlobalSection
EndGlobal
